
Microsoft Visual Studio Solution File, Format Version 12.00
# Visual Studio Version 16
VisualStudioVersion = 16.0.28803.352
MinimumVisualStudioVersion = 10.0.40219.1
Project("{FAE04EC0-301F-11D3-BF4B-00C04F79EFBC}") = "MyWorkbench.Module", "MyWorkbench.Module\MyWorkbench.Module.csproj", "{5F15837D-D1E5-44DC-92F0-4F2EBE9C3F8D}"
EndProject
Project("{FAE04EC0-301F-11D3-BF4B-00C04F79EFBC}") = "Ignyt.BusinessInterface", "Ignyt.BusinessInterface\Ignyt.BusinessInterface.csproj", "{8E0E2A83-5E0C-491E-98CD-2DB4B6E6863E}"
EndProject
Project("{FAE04EC0-301F-11D3-BF4B-00C04F79EFBC}") = "Ignyt.Framework", "Ignyt.Framework\Ignyt.Framework.csproj", "{4F0E9945-B6C5-4762-A3F7-DB49F01F9327}"
EndProject
Project("{FAE04EC0-301F-11D3-BF4B-00C04F79EFBC}") = "Ignyt.Framework.Api", "Ignyt.Framework.Api\Ignyt.Framework.Api.csproj", "{6D915E37-74A7-442F-82B4-FA8368850CC4}"
EndProject
Project("{FAE04EC0-301F-11D3-BF4B-00C04F79EFBC}") = "Ignyt.Framework.Authentication", "Ignyt.Framework.Authentication\Ignyt.Framework.Authentication.csproj", "{43046ADC-9EF3-4A8A-917C-9334B9F17097}"
EndProject
Project("{FAE04EC0-301F-11D3-BF4B-00C04F79EFBC}") = "Ignyt.Framework.ExpressApp", "Ignyt.Framework.ExpressApp\Ignyt.Framework.ExpressApp.csproj", "{0DF62B91-3857-4168-9F15-511793A21E72}"
EndProject
Project("{FAE04EC0-301F-11D3-BF4B-00C04F79EFBC}") = "Ignyt.Webfunctions", "Ignyt.Webfunctions\Ignyt.Webfunctions.csproj", "{BE1D28C3-865B-4746-BE28-97D2CEE2D1BC}"
EndProject
Project("{FAE04EC0-301F-11D3-BF4B-00C04F79EFBC}") = "MyWorkbench.BusinessObjects", "MyWorkbench.BusinessObjects\MyWorkbench.BusinessObjects.csproj", "{1324A411-390D-4BDC-A4AE-192451827C3D}"
EndProject
Project("{FAE04EC0-301F-11D3-BF4B-00C04F79EFBC}") = "MyWorkbench.BusinessReports", "MyWorkbench.BusinessReports\MyWorkbench.BusinessReports.csproj", "{A3C572CE-94D8-47A7-9B1C-E530F3EB7E84}"
EndProject
Project("{FAE04EC0-301F-11D3-BF4B-00C04F79EFBC}") = "MyWorkBench.Service.Api", "MyWorkbench.Service.Api\MyWorkBench.Service.Api.csproj", "{2306B551-4D7C-4506-888B-6E067641DF43}"
EndProject
Project("{FAE04EC0-301F-11D3-BF4B-00C04F79EFBC}") = "MyWorkbench.Service.UnitTests", "MyWorkbench.Service.UnitTests\MyWorkbench.Service.UnitTests.csproj", "{3852CA55-91C0-42AB-B903-97A6B6961000}"
EndProject
Project("{FAE04EC0-301F-11D3-BF4B-00C04F79EFBC}") = "MyWorkbench.ExpressApp.Authentication", "MyWorkbench.ExpressApp.Authentication\MyWorkbench.ExpressApp.Authentication.csproj", "{8284FE2C-2DD1-4D70-BECC-FE4D872F7A5D}"
EndProject
Project("{FAE04EC0-301F-11D3-BF4B-00C04F79EFBC}") = "MyWorkbench.Module.Web", "MyWorkbench.Module.Web\MyWorkbench.Module.Web.csproj", "{0C729AAD-7626-4668-A7F1-35F7D240489D}"
EndProject
Project("{FAE04EC0-301F-11D3-BF4B-00C04F79EFBC}") = "MyWorkbench.Web", "MyWorkbench.Web\MyWorkbench.Web.csproj", "{82A6DBC9-B1B4-44E4-9718-55DF930CD349}"
EndProject
Project("{FAE04EC0-301F-11D3-BF4B-00C04F79EFBC}") = "MyWorkbench.Service", "MyWorkbench.Service.Service\MyWorkbench.Service.csproj", "{56D68A6D-6794-4FBA-A458-46F5C44CE617}"
EndProject
Project("{FAE04EC0-301F-11D3-BF4B-00C04F79EFBC}") = "Ignyt.Framework.Mail", "Ignyt.Framework.Mail\Ignyt.Framework.Mail.csproj", "{816D8D3A-CE6F-4361-A5B3-2314EFB217F8}"
EndProject
Global
	GlobalSection(SolutionConfigurationPlatforms) = preSolution
		Debug|Any CPU = Debug|Any CPU
		Debug|iPhone = Debug|iPhone
		Debug|iPhoneSimulator = Debug|iPhoneSimulator
		EasyTest|Any CPU = EasyTest|Any CPU
		EasyTest|iPhone = EasyTest|iPhone
		EasyTest|iPhoneSimulator = EasyTest|iPhoneSimulator
		Release|Any CPU = Release|Any CPU
		Release|iPhone = Release|iPhone
		Release|iPhoneSimulator = Release|iPhoneSimulator
	EndGlobalSection
	GlobalSection(ProjectConfigurationPlatforms) = postSolution
		{5F15837D-D1E5-44DC-92F0-4F2EBE9C3F8D}.Debug|Any CPU.ActiveCfg = Debug|Any CPU
		{5F15837D-D1E5-44DC-92F0-4F2EBE9C3F8D}.Debug|Any CPU.Build.0 = Debug|Any CPU
		{5F15837D-D1E5-44DC-92F0-4F2EBE9C3F8D}.Debug|iPhone.ActiveCfg = Debug|Any CPU
		{5F15837D-D1E5-44DC-92F0-4F2EBE9C3F8D}.Debug|iPhone.Build.0 = Debug|Any CPU
		{5F15837D-D1E5-44DC-92F0-4F2EBE9C3F8D}.Debug|iPhoneSimulator.ActiveCfg = Debug|Any CPU
		{5F15837D-D1E5-44DC-92F0-4F2EBE9C3F8D}.Debug|iPhoneSimulator.Build.0 = Debug|Any CPU
		{5F15837D-D1E5-44DC-92F0-4F2EBE9C3F8D}.EasyTest|Any CPU.ActiveCfg = EasyTest|Any CPU
		{5F15837D-D1E5-44DC-92F0-4F2EBE9C3F8D}.EasyTest|Any CPU.Build.0 = EasyTest|Any CPU
		{5F15837D-D1E5-44DC-92F0-4F2EBE9C3F8D}.EasyTest|iPhone.ActiveCfg = EasyTest|Any CPU
		{5F15837D-D1E5-44DC-92F0-4F2EBE9C3F8D}.EasyTest|iPhone.Build.0 = EasyTest|Any CPU
		{5F15837D-D1E5-44DC-92F0-4F2EBE9C3F8D}.EasyTest|iPhoneSimulator.ActiveCfg = EasyTest|Any CPU
		{5F15837D-D1E5-44DC-92F0-4F2EBE9C3F8D}.EasyTest|iPhoneSimulator.Build.0 = EasyTest|Any CPU
		{5F15837D-D1E5-44DC-92F0-4F2EBE9C3F8D}.Release|Any CPU.ActiveCfg = Release|Any CPU
		{5F15837D-D1E5-44DC-92F0-4F2EBE9C3F8D}.Release|Any CPU.Build.0 = Release|Any CPU
		{5F15837D-D1E5-44DC-92F0-4F2EBE9C3F8D}.Release|iPhone.ActiveCfg = Release|Any CPU
		{5F15837D-D1E5-44DC-92F0-4F2EBE9C3F8D}.Release|iPhone.Build.0 = Release|Any CPU
		{5F15837D-D1E5-44DC-92F0-4F2EBE9C3F8D}.Release|iPhoneSimulator.ActiveCfg = Release|Any CPU
		{5F15837D-D1E5-44DC-92F0-4F2EBE9C3F8D}.Release|iPhoneSimulator.Build.0 = Release|Any CPU
		{8E0E2A83-5E0C-491E-98CD-2DB4B6E6863E}.Debug|Any CPU.ActiveCfg = Debug|Any CPU
		{8E0E2A83-5E0C-491E-98CD-2DB4B6E6863E}.Debug|Any CPU.Build.0 = Debug|Any CPU
		{8E0E2A83-5E0C-491E-98CD-2DB4B6E6863E}.Debug|iPhone.ActiveCfg = Debug|Any CPU
		{8E0E2A83-5E0C-491E-98CD-2DB4B6E6863E}.Debug|iPhone.Build.0 = Debug|Any CPU
		{8E0E2A83-5E0C-491E-98CD-2DB4B6E6863E}.Debug|iPhoneSimulator.ActiveCfg = Debug|Any CPU
		{8E0E2A83-5E0C-491E-98CD-2DB4B6E6863E}.Debug|iPhoneSimulator.Build.0 = Debug|Any CPU
		{8E0E2A83-5E0C-491E-98CD-2DB4B6E6863E}.EasyTest|Any CPU.ActiveCfg = Release|Any CPU
		{8E0E2A83-5E0C-491E-98CD-2DB4B6E6863E}.EasyTest|Any CPU.Build.0 = Release|Any CPU
		{8E0E2A83-5E0C-491E-98CD-2DB4B6E6863E}.EasyTest|iPhone.ActiveCfg = Release|Any CPU
		{8E0E2A83-5E0C-491E-98CD-2DB4B6E6863E}.EasyTest|iPhone.Build.0 = Release|Any CPU
		{8E0E2A83-5E0C-491E-98CD-2DB4B6E6863E}.EasyTest|iPhoneSimulator.ActiveCfg = Release|Any CPU
		{8E0E2A83-5E0C-491E-98CD-2DB4B6E6863E}.EasyTest|iPhoneSimulator.Build.0 = Release|Any CPU
		{8E0E2A83-5E0C-491E-98CD-2DB4B6E6863E}.Release|Any CPU.ActiveCfg = Release|Any CPU
		{8E0E2A83-5E0C-491E-98CD-2DB4B6E6863E}.Release|Any CPU.Build.0 = Release|Any CPU
		{8E0E2A83-5E0C-491E-98CD-2DB4B6E6863E}.Release|iPhone.ActiveCfg = Release|Any CPU
		{8E0E2A83-5E0C-491E-98CD-2DB4B6E6863E}.Release|iPhone.Build.0 = Release|Any CPU
		{8E0E2A83-5E0C-491E-98CD-2DB4B6E6863E}.Release|iPhoneSimulator.ActiveCfg = Release|Any CPU
		{8E0E2A83-5E0C-491E-98CD-2DB4B6E6863E}.Release|iPhoneSimulator.Build.0 = Release|Any CPU
		{4F0E9945-B6C5-4762-A3F7-DB49F01F9327}.Debug|Any CPU.ActiveCfg = Debug|Any CPU
		{4F0E9945-B6C5-4762-A3F7-DB49F01F9327}.Debug|Any CPU.Build.0 = Debug|Any CPU
		{4F0E9945-B6C5-4762-A3F7-DB49F01F9327}.Debug|iPhone.ActiveCfg = Debug|Any CPU
		{4F0E9945-B6C5-4762-A3F7-DB49F01F9327}.Debug|iPhone.Build.0 = Debug|Any CPU
		{4F0E9945-B6C5-4762-A3F7-DB49F01F9327}.Debug|iPhoneSimulator.ActiveCfg = Debug|Any CPU
		{4F0E9945-B6C5-4762-A3F7-DB49F01F9327}.Debug|iPhoneSimulator.Build.0 = Debug|Any CPU
		{4F0E9945-B6C5-4762-A3F7-DB49F01F9327}.EasyTest|Any CPU.ActiveCfg = Release|Any CPU
		{4F0E9945-B6C5-4762-A3F7-DB49F01F9327}.EasyTest|Any CPU.Build.0 = Release|Any CPU
		{4F0E9945-B6C5-4762-A3F7-DB49F01F9327}.EasyTest|iPhone.ActiveCfg = Release|Any CPU
		{4F0E9945-B6C5-4762-A3F7-DB49F01F9327}.EasyTest|iPhone.Build.0 = Release|Any CPU
		{4F0E9945-B6C5-4762-A3F7-DB49F01F9327}.EasyTest|iPhoneSimulator.ActiveCfg = Release|Any CPU
		{4F0E9945-B6C5-4762-A3F7-DB49F01F9327}.EasyTest|iPhoneSimulator.Build.0 = Release|Any CPU
		{4F0E9945-B6C5-4762-A3F7-DB49F01F9327}.Release|Any CPU.ActiveCfg = Release|Any CPU
		{4F0E9945-B6C5-4762-A3F7-DB49F01F9327}.Release|Any CPU.Build.0 = Release|Any CPU
		{4F0E9945-B6C5-4762-A3F7-DB49F01F9327}.Release|iPhone.ActiveCfg = Release|Any CPU
		{4F0E9945-B6C5-4762-A3F7-DB49F01F9327}.Release|iPhone.Build.0 = Release|Any CPU
		{4F0E9945-B6C5-4762-A3F7-DB49F01F9327}.Release|iPhoneSimulator.ActiveCfg = Release|Any CPU
		{4F0E9945-B6C5-4762-A3F7-DB49F01F9327}.Release|iPhoneSimulator.Build.0 = Release|Any CPU
		{6D915E37-74A7-442F-82B4-FA8368850CC4}.Debug|Any CPU.ActiveCfg = Debug|Any CPU
		{6D915E37-74A7-442F-82B4-FA8368850CC4}.Debug|Any CPU.Build.0 = Debug|Any CPU
		{6D915E37-74A7-442F-82B4-FA8368850CC4}.Debug|iPhone.ActiveCfg = Debug|Any CPU
		{6D915E37-74A7-442F-82B4-FA8368850CC4}.Debug|iPhone.Build.0 = Debug|Any CPU
		{6D915E37-74A7-442F-82B4-FA8368850CC4}.Debug|iPhoneSimulator.ActiveCfg = Debug|Any CPU
		{6D915E37-74A7-442F-82B4-FA8368850CC4}.Debug|iPhoneSimulator.Build.0 = Debug|Any CPU
		{6D915E37-74A7-442F-82B4-FA8368850CC4}.EasyTest|Any CPU.ActiveCfg = Release|Any CPU
		{6D915E37-74A7-442F-82B4-FA8368850CC4}.EasyTest|Any CPU.Build.0 = Release|Any CPU
		{6D915E37-74A7-442F-82B4-FA8368850CC4}.EasyTest|iPhone.ActiveCfg = Release|Any CPU
		{6D915E37-74A7-442F-82B4-FA8368850CC4}.EasyTest|iPhone.Build.0 = Release|Any CPU
		{6D915E37-74A7-442F-82B4-FA8368850CC4}.EasyTest|iPhoneSimulator.ActiveCfg = Release|Any CPU
		{6D915E37-74A7-442F-82B4-FA8368850CC4}.EasyTest|iPhoneSimulator.Build.0 = Release|Any CPU
		{6D915E37-74A7-442F-82B4-FA8368850CC4}.Release|Any CPU.ActiveCfg = Release|Any CPU
		{6D915E37-74A7-442F-82B4-FA8368850CC4}.Release|Any CPU.Build.0 = Release|Any CPU
		{6D915E37-74A7-442F-82B4-FA8368850CC4}.Release|iPhone.ActiveCfg = Release|Any CPU
		{6D915E37-74A7-442F-82B4-FA8368850CC4}.Release|iPhone.Build.0 = Release|Any CPU
		{6D915E37-74A7-442F-82B4-FA8368850CC4}.Release|iPhoneSimulator.ActiveCfg = Release|Any CPU
		{6D915E37-74A7-442F-82B4-FA8368850CC4}.Release|iPhoneSimulator.Build.0 = Release|Any CPU
		{43046ADC-9EF3-4A8A-917C-9334B9F17097}.Debug|Any CPU.ActiveCfg = Debug|Any CPU
		{43046ADC-9EF3-4A8A-917C-9334B9F17097}.Debug|Any CPU.Build.0 = Debug|Any CPU
		{43046ADC-9EF3-4A8A-917C-9334B9F17097}.Debug|iPhone.ActiveCfg = Debug|Any CPU
		{43046ADC-9EF3-4A8A-917C-9334B9F17097}.Debug|iPhone.Build.0 = Debug|Any CPU
		{43046ADC-9EF3-4A8A-917C-9334B9F17097}.Debug|iPhoneSimulator.ActiveCfg = Debug|Any CPU
		{43046ADC-9EF3-4A8A-917C-9334B9F17097}.Debug|iPhoneSimulator.Build.0 = Debug|Any CPU
		{43046ADC-9EF3-4A8A-917C-9334B9F17097}.EasyTest|Any CPU.ActiveCfg = Release|Any CPU
		{43046ADC-9EF3-4A8A-917C-9334B9F17097}.EasyTest|Any CPU.Build.0 = Release|Any CPU
		{43046ADC-9EF3-4A8A-917C-9334B9F17097}.EasyTest|iPhone.ActiveCfg = Release|Any CPU
		{43046ADC-9EF3-4A8A-917C-9334B9F17097}.EasyTest|iPhone.Build.0 = Release|Any CPU
		{43046ADC-9EF3-4A8A-917C-9334B9F17097}.EasyTest|iPhoneSimulator.ActiveCfg = Release|Any CPU
		{43046ADC-9EF3-4A8A-917C-9334B9F17097}.EasyTest|iPhoneSimulator.Build.0 = Release|Any CPU
		{43046ADC-9EF3-4A8A-917C-9334B9F17097}.Release|Any CPU.ActiveCfg = Release|Any CPU
		{43046ADC-9EF3-4A8A-917C-9334B9F17097}.Release|Any CPU.Build.0 = Release|Any CPU
		{43046ADC-9EF3-4A8A-917C-9334B9F17097}.Release|iPhone.ActiveCfg = Release|Any CPU
		{43046ADC-9EF3-4A8A-917C-9334B9F17097}.Release|iPhone.Build.0 = Release|Any CPU
		{43046ADC-9EF3-4A8A-917C-9334B9F17097}.Release|iPhoneSimulator.ActiveCfg = Release|Any CPU
		{43046ADC-9EF3-4A8A-917C-9334B9F17097}.Release|iPhoneSimulator.Build.0 = Release|Any CPU
		{0DF62B91-3857-4168-9F15-511793A21E72}.Debug|Any CPU.ActiveCfg = Debug|Any CPU
		{0DF62B91-3857-4168-9F15-511793A21E72}.Debug|Any CPU.Build.0 = Debug|Any CPU
		{0DF62B91-3857-4168-9F15-511793A21E72}.Debug|iPhone.ActiveCfg = Debug|Any CPU
		{0DF62B91-3857-4168-9F15-511793A21E72}.Debug|iPhone.Build.0 = Debug|Any CPU
		{0DF62B91-3857-4168-9F15-511793A21E72}.Debug|iPhoneSimulator.ActiveCfg = Debug|Any CPU
		{0DF62B91-3857-4168-9F15-511793A21E72}.Debug|iPhoneSimulator.Build.0 = Debug|Any CPU
		{0DF62B91-3857-4168-9F15-511793A21E72}.EasyTest|Any CPU.ActiveCfg = Release|Any CPU
		{0DF62B91-3857-4168-9F15-511793A21E72}.EasyTest|Any CPU.Build.0 = Release|Any CPU
		{0DF62B91-3857-4168-9F15-511793A21E72}.EasyTest|iPhone.ActiveCfg = Release|Any CPU
		{0DF62B91-3857-4168-9F15-511793A21E72}.EasyTest|iPhone.Build.0 = Release|Any CPU
		{0DF62B91-3857-4168-9F15-511793A21E72}.EasyTest|iPhoneSimulator.ActiveCfg = Release|Any CPU
		{0DF62B91-3857-4168-9F15-511793A21E72}.EasyTest|iPhoneSimulator.Build.0 = Release|Any CPU
		{0DF62B91-3857-4168-9F15-511793A21E72}.Release|Any CPU.ActiveCfg = Release|Any CPU
		{0DF62B91-3857-4168-9F15-511793A21E72}.Release|Any CPU.Build.0 = Release|Any CPU
		{0DF62B91-3857-4168-9F15-511793A21E72}.Release|iPhone.ActiveCfg = Release|Any CPU
		{0DF62B91-3857-4168-9F15-511793A21E72}.Release|iPhone.Build.0 = Release|Any CPU
		{0DF62B91-3857-4168-9F15-511793A21E72}.Release|iPhoneSimulator.ActiveCfg = Release|Any CPU
		{0DF62B91-3857-4168-9F15-511793A21E72}.Release|iPhoneSimulator.Build.0 = Release|Any CPU
		{BE1D28C3-865B-4746-BE28-97D2CEE2D1BC}.Debug|Any CPU.ActiveCfg = Debug|Any CPU
		{BE1D28C3-865B-4746-BE28-97D2CEE2D1BC}.Debug|Any CPU.Build.0 = Debug|Any CPU
		{BE1D28C3-865B-4746-BE28-97D2CEE2D1BC}.Debug|iPhone.ActiveCfg = Debug|Any CPU
		{BE1D28C3-865B-4746-BE28-97D2CEE2D1BC}.Debug|iPhone.Build.0 = Debug|Any CPU
		{BE1D28C3-865B-4746-BE28-97D2CEE2D1BC}.Debug|iPhoneSimulator.ActiveCfg = Debug|Any CPU
		{BE1D28C3-865B-4746-BE28-97D2CEE2D1BC}.Debug|iPhoneSimulator.Build.0 = Debug|Any CPU
		{BE1D28C3-865B-4746-BE28-97D2CEE2D1BC}.EasyTest|Any CPU.ActiveCfg = Release|Any CPU
		{BE1D28C3-865B-4746-BE28-97D2CEE2D1BC}.EasyTest|Any CPU.Build.0 = Release|Any CPU
		{BE1D28C3-865B-4746-BE28-97D2CEE2D1BC}.EasyTest|iPhone.ActiveCfg = Release|Any CPU
		{BE1D28C3-865B-4746-BE28-97D2CEE2D1BC}.EasyTest|iPhone.Build.0 = Release|Any CPU
		{BE1D28C3-865B-4746-BE28-97D2CEE2D1BC}.EasyTest|iPhoneSimulator.ActiveCfg = Release|Any CPU
		{BE1D28C3-865B-4746-BE28-97D2CEE2D1BC}.EasyTest|iPhoneSimulator.Build.0 = Release|Any CPU
		{BE1D28C3-865B-4746-BE28-97D2CEE2D1BC}.Release|Any CPU.ActiveCfg = Release|Any CPU
		{BE1D28C3-865B-4746-BE28-97D2CEE2D1BC}.Release|Any CPU.Build.0 = Release|Any CPU
		{BE1D28C3-865B-4746-BE28-97D2CEE2D1BC}.Release|iPhone.ActiveCfg = Release|Any CPU
		{BE1D28C3-865B-4746-BE28-97D2CEE2D1BC}.Release|iPhone.Build.0 = Release|Any CPU
		{BE1D28C3-865B-4746-BE28-97D2CEE2D1BC}.Release|iPhoneSimulator.ActiveCfg = Release|Any CPU
		{BE1D28C3-865B-4746-BE28-97D2CEE2D1BC}.Release|iPhoneSimulator.Build.0 = Release|Any CPU
		{1324A411-390D-4BDC-A4AE-192451827C3D}.Debug|Any CPU.ActiveCfg = Debug|Any CPU
		{1324A411-390D-4BDC-A4AE-192451827C3D}.Debug|Any CPU.Build.0 = Debug|Any CPU
		{1324A411-390D-4BDC-A4AE-192451827C3D}.Debug|iPhone.ActiveCfg = Debug|Any CPU
		{1324A411-390D-4BDC-A4AE-192451827C3D}.Debug|iPhone.Build.0 = Debug|Any CPU
		{1324A411-390D-4BDC-A4AE-192451827C3D}.Debug|iPhoneSimulator.ActiveCfg = Debug|Any CPU
		{1324A411-390D-4BDC-A4AE-192451827C3D}.Debug|iPhoneSimulator.Build.0 = Debug|Any CPU
		{1324A411-390D-4BDC-A4AE-192451827C3D}.EasyTest|Any CPU.ActiveCfg = Release|Any CPU
		{1324A411-390D-4BDC-A4AE-192451827C3D}.EasyTest|Any CPU.Build.0 = Release|Any CPU
		{1324A411-390D-4BDC-A4AE-192451827C3D}.EasyTest|iPhone.ActiveCfg = Release|Any CPU
		{1324A411-390D-4BDC-A4AE-192451827C3D}.EasyTest|iPhone.Build.0 = Release|Any CPU
		{1324A411-390D-4BDC-A4AE-192451827C3D}.EasyTest|iPhoneSimulator.ActiveCfg = Release|Any CPU
		{1324A411-390D-4BDC-A4AE-192451827C3D}.EasyTest|iPhoneSimulator.Build.0 = Release|Any CPU
		{1324A411-390D-4BDC-A4AE-192451827C3D}.Release|Any CPU.ActiveCfg = Release|Any CPU
		{1324A411-390D-4BDC-A4AE-192451827C3D}.Release|Any CPU.Build.0 = Release|Any CPU
		{1324A411-390D-4BDC-A4AE-192451827C3D}.Release|iPhone.ActiveCfg = Release|Any CPU
		{1324A411-390D-4BDC-A4AE-192451827C3D}.Release|iPhone.Build.0 = Release|Any CPU
		{1324A411-390D-4BDC-A4AE-192451827C3D}.Release|iPhoneSimulator.ActiveCfg = Release|Any CPU
		{1324A411-390D-4BDC-A4AE-192451827C3D}.Release|iPhoneSimulator.Build.0 = Release|Any CPU
		{A3C572CE-94D8-47A7-9B1C-E530F3EB7E84}.Debug|Any CPU.ActiveCfg = Debug|Any CPU
		{A3C572CE-94D8-47A7-9B1C-E530F3EB7E84}.Debug|Any CPU.Build.0 = Debug|Any CPU
		{A3C572CE-94D8-47A7-9B1C-E530F3EB7E84}.Debug|iPhone.ActiveCfg = Debug|Any CPU
		{A3C572CE-94D8-47A7-9B1C-E530F3EB7E84}.Debug|iPhone.Build.0 = Debug|Any CPU
		{A3C572CE-94D8-47A7-9B1C-E530F3EB7E84}.Debug|iPhoneSimulator.ActiveCfg = Debug|Any CPU
		{A3C572CE-94D8-47A7-9B1C-E530F3EB7E84}.Debug|iPhoneSimulator.Build.0 = Debug|Any CPU
		{A3C572CE-94D8-47A7-9B1C-E530F3EB7E84}.EasyTest|Any CPU.ActiveCfg = Release|Any CPU
		{A3C572CE-94D8-47A7-9B1C-E530F3EB7E84}.EasyTest|Any CPU.Build.0 = Release|Any CPU
		{A3C572CE-94D8-47A7-9B1C-E530F3EB7E84}.EasyTest|iPhone.ActiveCfg = Release|Any CPU
		{A3C572CE-94D8-47A7-9B1C-E530F3EB7E84}.EasyTest|iPhone.Build.0 = Release|Any CPU
		{A3C572CE-94D8-47A7-9B1C-E530F3EB7E84}.EasyTest|iPhoneSimulator.ActiveCfg = Release|Any CPU
		{A3C572CE-94D8-47A7-9B1C-E530F3EB7E84}.EasyTest|iPhoneSimulator.Build.0 = Release|Any CPU
		{A3C572CE-94D8-47A7-9B1C-E530F3EB7E84}.Release|Any CPU.ActiveCfg = Release|Any CPU
		{A3C572CE-94D8-47A7-9B1C-E530F3EB7E84}.Release|Any CPU.Build.0 = Release|Any CPU
		{A3C572CE-94D8-47A7-9B1C-E530F3EB7E84}.Release|iPhone.ActiveCfg = Release|Any CPU
		{A3C572CE-94D8-47A7-9B1C-E530F3EB7E84}.Release|iPhone.Build.0 = Release|Any CPU
		{A3C572CE-94D8-47A7-9B1C-E530F3EB7E84}.Release|iPhoneSimulator.ActiveCfg = Release|Any CPU
		{A3C572CE-94D8-47A7-9B1C-E530F3EB7E84}.Release|iPhoneSimulator.Build.0 = Release|Any CPU
		{2306B551-4D7C-4506-888B-6E067641DF43}.Debug|Any CPU.ActiveCfg = Debug|Any CPU
		{2306B551-4D7C-4506-888B-6E067641DF43}.Debug|Any CPU.Build.0 = Debug|Any CPU
		{2306B551-4D7C-4506-888B-6E067641DF43}.Debug|iPhone.ActiveCfg = Debug|Any CPU
		{2306B551-4D7C-4506-888B-6E067641DF43}.Debug|iPhone.Build.0 = Debug|Any CPU
		{2306B551-4D7C-4506-888B-6E067641DF43}.Debug|iPhoneSimulator.ActiveCfg = Debug|Any CPU
		{2306B551-4D7C-4506-888B-6E067641DF43}.Debug|iPhoneSimulator.Build.0 = Debug|Any CPU
		{2306B551-4D7C-4506-888B-6E067641DF43}.EasyTest|Any CPU.ActiveCfg = Release|Any CPU
		{2306B551-4D7C-4506-888B-6E067641DF43}.EasyTest|Any CPU.Build.0 = Release|Any CPU
		{2306B551-4D7C-4506-888B-6E067641DF43}.EasyTest|iPhone.ActiveCfg = Release|Any CPU
		{2306B551-4D7C-4506-888B-6E067641DF43}.EasyTest|iPhone.Build.0 = Release|Any CPU
		{2306B551-4D7C-4506-888B-6E067641DF43}.EasyTest|iPhoneSimulator.ActiveCfg = Release|Any CPU
		{2306B551-4D7C-4506-888B-6E067641DF43}.EasyTest|iPhoneSimulator.Build.0 = Release|Any CPU
		{2306B551-4D7C-4506-888B-6E067641DF43}.Release|Any CPU.ActiveCfg = Release|Any CPU
		{2306B551-4D7C-4506-888B-6E067641DF43}.Release|Any CPU.Build.0 = Release|Any CPU
		{2306B551-4D7C-4506-888B-6E067641DF43}.Release|iPhone.ActiveCfg = Release|Any CPU
		{2306B551-4D7C-4506-888B-6E067641DF43}.Release|iPhone.Build.0 = Release|Any CPU
		{2306B551-4D7C-4506-888B-6E067641DF43}.Release|iPhoneSimulator.ActiveCfg = Release|Any CPU
		{2306B551-4D7C-4506-888B-6E067641DF43}.Release|iPhoneSimulator.Build.0 = Release|Any CPU
		{3852CA55-91C0-42AB-B903-97A6B6961000}.Debug|Any CPU.ActiveCfg = Debug|Any CPU
		{3852CA55-91C0-42AB-B903-97A6B6961000}.Debug|Any CPU.Build.0 = Debug|Any CPU
		{3852CA55-91C0-42AB-B903-97A6B6961000}.Debug|iPhone.ActiveCfg = Debug|Any CPU
		{3852CA55-91C0-42AB-B903-97A6B6961000}.Debug|iPhone.Build.0 = Debug|Any CPU
		{3852CA55-91C0-42AB-B903-97A6B6961000}.Debug|iPhoneSimulator.ActiveCfg = Debug|Any CPU
		{3852CA55-91C0-42AB-B903-97A6B6961000}.Debug|iPhoneSimulator.Build.0 = Debug|Any CPU
		{3852CA55-91C0-42AB-B903-97A6B6961000}.EasyTest|Any CPU.ActiveCfg = Release|Any CPU
		{3852CA55-91C0-42AB-B903-97A6B6961000}.EasyTest|Any CPU.Build.0 = Release|Any CPU
		{3852CA55-91C0-42AB-B903-97A6B6961000}.EasyTest|iPhone.ActiveCfg = Release|Any CPU
		{3852CA55-91C0-42AB-B903-97A6B6961000}.EasyTest|iPhone.Build.0 = Release|Any CPU
		{3852CA55-91C0-42AB-B903-97A6B6961000}.EasyTest|iPhoneSimulator.ActiveCfg = Release|Any CPU
		{3852CA55-91C0-42AB-B903-97A6B6961000}.EasyTest|iPhoneSimulator.Build.0 = Release|Any CPU
		{3852CA55-91C0-42AB-B903-97A6B6961000}.Release|Any CPU.ActiveCfg = Release|Any CPU
		{3852CA55-91C0-42AB-B903-97A6B6961000}.Release|Any CPU.Build.0 = Release|Any CPU
		{3852CA55-91C0-42AB-B903-97A6B6961000}.Release|iPhone.ActiveCfg = Release|Any CPU
		{3852CA55-91C0-42AB-B903-97A6B6961000}.Release|iPhone.Build.0 = Release|Any CPU
		{3852CA55-91C0-42AB-B903-97A6B6961000}.Release|iPhoneSimulator.ActiveCfg = Release|Any CPU
		{3852CA55-91C0-42AB-B903-97A6B6961000}.Release|iPhoneSimulator.Build.0 = Release|Any CPU
		{8284FE2C-2DD1-4D70-BECC-FE4D872F7A5D}.Debug|Any CPU.ActiveCfg = Debug|Any CPU
		{8284FE2C-2DD1-4D70-BECC-FE4D872F7A5D}.Debug|Any CPU.Build.0 = Debug|Any CPU
		{8284FE2C-2DD1-4D70-BECC-FE4D872F7A5D}.Debug|iPhone.ActiveCfg = Debug|Any CPU
		{8284FE2C-2DD1-4D70-BECC-FE4D872F7A5D}.Debug|iPhone.Build.0 = Debug|Any CPU
		{8284FE2C-2DD1-4D70-BECC-FE4D872F7A5D}.Debug|iPhoneSimulator.ActiveCfg = Debug|Any CPU
		{8284FE2C-2DD1-4D70-BECC-FE4D872F7A5D}.Debug|iPhoneSimulator.Build.0 = Debug|Any CPU
		{8284FE2C-2DD1-4D70-BECC-FE4D872F7A5D}.EasyTest|Any CPU.ActiveCfg = Release|Any CPU
		{8284FE2C-2DD1-4D70-BECC-FE4D872F7A5D}.EasyTest|Any CPU.Build.0 = Release|Any CPU
		{8284FE2C-2DD1-4D70-BECC-FE4D872F7A5D}.EasyTest|iPhone.ActiveCfg = Release|Any CPU
		{8284FE2C-2DD1-4D70-BECC-FE4D872F7A5D}.EasyTest|iPhone.Build.0 = Release|Any CPU
		{8284FE2C-2DD1-4D70-BECC-FE4D872F7A5D}.EasyTest|iPhoneSimulator.ActiveCfg = Release|Any CPU
		{8284FE2C-2DD1-4D70-BECC-FE4D872F7A5D}.EasyTest|iPhoneSimulator.Build.0 = Release|Any CPU
		{8284FE2C-2DD1-4D70-BECC-FE4D872F7A5D}.Release|Any CPU.ActiveCfg = Release|Any CPU
		{8284FE2C-2DD1-4D70-BECC-FE4D872F7A5D}.Release|Any CPU.Build.0 = Release|Any CPU
		{8284FE2C-2DD1-4D70-BECC-FE4D872F7A5D}.Release|iPhone.ActiveCfg = Release|Any CPU
		{8284FE2C-2DD1-4D70-BECC-FE4D872F7A5D}.Release|iPhone.Build.0 = Release|Any CPU
		{8284FE2C-2DD1-4D70-BECC-FE4D872F7A5D}.Release|iPhoneSimulator.ActiveCfg = Release|Any CPU
		{8284FE2C-2DD1-4D70-BECC-FE4D872F7A5D}.Release|iPhoneSimulator.Build.0 = Release|Any CPU
		{0C729AAD-7626-4668-A7F1-35F7D240489D}.Debug|Any CPU.ActiveCfg = Debug|Any CPU
		{0C729AAD-7626-4668-A7F1-35F7D240489D}.Debug|Any CPU.Build.0 = Debug|Any CPU
		{0C729AAD-7626-4668-A7F1-35F7D240489D}.Debug|iPhone.ActiveCfg = Debug|Any CPU
		{0C729AAD-7626-4668-A7F1-35F7D240489D}.Debug|iPhone.Build.0 = Debug|Any CPU
		{0C729AAD-7626-4668-A7F1-35F7D240489D}.Debug|iPhoneSimulator.ActiveCfg = Debug|Any CPU
		{0C729AAD-7626-4668-A7F1-35F7D240489D}.Debug|iPhoneSimulator.Build.0 = Debug|Any CPU
		{0C729AAD-7626-4668-A7F1-35F7D240489D}.EasyTest|Any CPU.ActiveCfg = EasyTest|Any CPU
		{0C729AAD-7626-4668-A7F1-35F7D240489D}.EasyTest|Any CPU.Build.0 = EasyTest|Any CPU
		{0C729AAD-7626-4668-A7F1-35F7D240489D}.EasyTest|iPhone.ActiveCfg = EasyTest|Any CPU
		{0C729AAD-7626-4668-A7F1-35F7D240489D}.EasyTest|iPhone.Build.0 = EasyTest|Any CPU
		{0C729AAD-7626-4668-A7F1-35F7D240489D}.EasyTest|iPhoneSimulator.ActiveCfg = EasyTest|Any CPU
		{0C729AAD-7626-4668-A7F1-35F7D240489D}.EasyTest|iPhoneSimulator.Build.0 = EasyTest|Any CPU
		{0C729AAD-7626-4668-A7F1-35F7D240489D}.Release|Any CPU.ActiveCfg = Release|Any CPU
		{0C729AAD-7626-4668-A7F1-35F7D240489D}.Release|Any CPU.Build.0 = Release|Any CPU
		{0C729AAD-7626-4668-A7F1-35F7D240489D}.Release|iPhone.ActiveCfg = Release|Any CPU
		{0C729AAD-7626-4668-A7F1-35F7D240489D}.Release|iPhone.Build.0 = Release|Any CPU
		{0C729AAD-7626-4668-A7F1-35F7D240489D}.Release|iPhoneSimulator.ActiveCfg = Release|Any CPU
		{0C729AAD-7626-4668-A7F1-35F7D240489D}.Release|iPhoneSimulator.Build.0 = Release|Any CPU
		{82A6DBC9-B1B4-44E4-9718-55DF930CD349}.Debug|Any CPU.ActiveCfg = Debug|Any CPU
		{82A6DBC9-B1B4-44E4-9718-55DF930CD349}.Debug|Any CPU.Build.0 = Debug|Any CPU
		{82A6DBC9-B1B4-44E4-9718-55DF930CD349}.Debug|iPhone.ActiveCfg = Debug|Any CPU
		{82A6DBC9-B1B4-44E4-9718-55DF930CD349}.Debug|iPhone.Build.0 = Debug|Any CPU
		{82A6DBC9-B1B4-44E4-9718-55DF930CD349}.Debug|iPhoneSimulator.ActiveCfg = Debug|Any CPU
		{82A6DBC9-B1B4-44E4-9718-55DF930CD349}.Debug|iPhoneSimulator.Build.0 = Debug|Any CPU
		{82A6DBC9-B1B4-44E4-9718-55DF930CD349}.EasyTest|Any CPU.ActiveCfg = EasyTest|Any CPU
		{82A6DBC9-B1B4-44E4-9718-55DF930CD349}.EasyTest|Any CPU.Build.0 = EasyTest|Any CPU
		{82A6DBC9-B1B4-44E4-9718-55DF930CD349}.EasyTest|iPhone.ActiveCfg = EasyTest|Any CPU
		{82A6DBC9-B1B4-44E4-9718-55DF930CD349}.EasyTest|iPhone.Build.0 = EasyTest|Any CPU
		{82A6DBC9-B1B4-44E4-9718-55DF930CD349}.EasyTest|iPhoneSimulator.ActiveCfg = EasyTest|Any CPU
		{82A6DBC9-B1B4-44E4-9718-55DF930CD349}.EasyTest|iPhoneSimulator.Build.0 = EasyTest|Any CPU
		{82A6DBC9-B1B4-44E4-9718-55DF930CD349}.Release|Any CPU.ActiveCfg = Release|Any CPU
		{82A6DBC9-B1B4-44E4-9718-55DF930CD349}.Release|Any CPU.Build.0 = Release|Any CPU
		{82A6DBC9-B1B4-44E4-9718-55DF930CD349}.Release|iPhone.ActiveCfg = Release|Any CPU
		{82A6DBC9-B1B4-44E4-9718-55DF930CD349}.Release|iPhone.Build.0 = Release|Any CPU
		{82A6DBC9-B1B4-44E4-9718-55DF930CD349}.Release|iPhoneSimulator.ActiveCfg = Release|Any CPU
		{82A6DBC9-B1B4-44E4-9718-55DF930CD349}.Release|iPhoneSimulator.Build.0 = Release|Any CPU
		{56D68A6D-6794-4FBA-A458-46F5C44CE617}.Debug|Any CPU.ActiveCfg = Debug|Any CPU
		{56D68A6D-6794-4FBA-A458-46F5C44CE617}.Debug|Any CPU.Build.0 = Debug|Any CPU
		{56D68A6D-6794-4FBA-A458-46F5C44CE617}.Debug|iPhone.ActiveCfg = Debug|Any CPU
		{56D68A6D-6794-4FBA-A458-46F5C44CE617}.Debug|iPhone.Build.0 = Debug|Any CPU
		{56D68A6D-6794-4FBA-A458-46F5C44CE617}.Debug|iPhoneSimulator.ActiveCfg = Debug|Any CPU
		{56D68A6D-6794-4FBA-A458-46F5C44CE617}.Debug|iPhoneSimulator.Build.0 = Debug|Any CPU
		{56D68A6D-6794-4FBA-A458-46F5C44CE617}.EasyTest|Any CPU.ActiveCfg = Release|Any CPU
		{56D68A6D-6794-4FBA-A458-46F5C44CE617}.EasyTest|Any CPU.Build.0 = Release|Any CPU
		{56D68A6D-6794-4FBA-A458-46F5C44CE617}.EasyTest|iPhone.ActiveCfg = Release|Any CPU
		{56D68A6D-6794-4FBA-A458-46F5C44CE617}.EasyTest|iPhone.Build.0 = Release|Any CPU
		{56D68A6D-6794-4FBA-A458-46F5C44CE617}.EasyTest|iPhoneSimulator.ActiveCfg = Release|Any CPU
		{56D68A6D-6794-4FBA-A458-46F5C44CE617}.EasyTest|iPhoneSimulator.Build.0 = Release|Any CPU
		{56D68A6D-6794-4FBA-A458-46F5C44CE617}.Release|Any CPU.ActiveCfg = Release|Any CPU
		{56D68A6D-6794-4FBA-A458-46F5C44CE617}.Release|Any CPU.Build.0 = Release|Any CPU
		{56D68A6D-6794-4FBA-A458-46F5C44CE617}.Release|iPhone.ActiveCfg = Release|Any CPU
		{56D68A6D-6794-4FBA-A458-46F5C44CE617}.Release|iPhone.Build.0 = Release|Any CPU
		{56D68A6D-6794-4FBA-A458-46F5C44CE617}.Release|iPhoneSimulator.ActiveCfg = Release|Any CPU
		{56D68A6D-6794-4FBA-A458-46F5C44CE617}.Release|iPhoneSimulator.Build.0 = Release|Any CPU
		{816D8D3A-CE6F-4361-A5B3-2314EFB217F8}.Debug|Any CPU.ActiveCfg = Debug|Any CPU
		{816D8D3A-CE6F-4361-A5B3-2314EFB217F8}.Debug|Any CPU.Build.0 = Debug|Any CPU
		{816D8D3A-CE6F-4361-A5B3-2314EFB217F8}.Debug|iPhone.ActiveCfg = Debug|Any CPU
		{816D8D3A-CE6F-4361-A5B3-2314EFB217F8}.Debug|iPhone.Build.0 = Debug|Any CPU
		{816D8D3A-CE6F-4361-A5B3-2314EFB217F8}.Debug|iPhoneSimulator.ActiveCfg = Debug|Any CPU
		{816D8D3A-CE6F-4361-A5B3-2314EFB217F8}.Debug|iPhoneSimulator.Build.0 = Debug|Any CPU
		{816D8D3A-CE6F-4361-A5B3-2314EFB217F8}.EasyTest|Any CPU.ActiveCfg = Release|Any CPU
		{816D8D3A-CE6F-4361-A5B3-2314EFB217F8}.EasyTest|Any CPU.Build.0 = Release|Any CPU
		{816D8D3A-CE6F-4361-A5B3-2314EFB217F8}.EasyTest|iPhone.ActiveCfg = Release|Any CPU
		{816D8D3A-CE6F-4361-A5B3-2314EFB217F8}.EasyTest|iPhone.Build.0 = Release|Any CPU
		{816D8D3A-CE6F-4361-A5B3-2314EFB217F8}.EasyTest|iPhoneSimulator.ActiveCfg = Release|Any CPU
		{816D8D3A-CE6F-4361-A5B3-2314EFB217F8}.EasyTest|iPhoneSimulator.Build.0 = Release|Any CPU
		{816D8D3A-CE6F-4361-A5B3-2314EFB217F8}.Release|Any CPU.ActiveCfg = Release|Any CPU
		{816D8D3A-CE6F-4361-A5B3-2314EFB217F8}.Release|Any CPU.Build.0 = Release|Any CPU
		{816D8D3A-CE6F-4361-A5B3-2314EFB217F8}.Release|iPhone.ActiveCfg = Release|Any CPU
		{816D8D3A-CE6F-4361-A5B3-2314EFB217F8}.Release|iPhone.Build.0 = Release|Any CPU
		{816D8D3A-CE6F-4361-A5B3-2314EFB217F8}.Release|iPhoneSimulator.ActiveCfg = Release|Any CPU
		{816D8D3A-CE6F-4361-A5B3-2314EFB217F8}.Release|iPhoneSimulator.Build.0 = Release|Any CPU
	EndGlobalSection
	GlobalSection(SolutionProperties) = preSolution
		HideSolutionNode = FALSE
	EndGlobalSection
	GlobalSection(ExtensibilityGlobals) = postSolution
		SolutionGuid = {A778AD2E-618F-4910-8E3C-FC60ADEC2C1A}
	EndGlobalSection
EndGlobal
